
Microsoft Visual Studio Solution File, Format Version 12.00
# Visual Studio Version 17
VisualStudioVersion = 17.5.33627.172
MinimumVisualStudioVersion = 10.0.40219.1
Project("{8BC9CEB8-8B4A-11D0-8D11-00A0C91BC942}") = "FinalFunctions", "FinalFunctions\FinalFunctions.vcxproj", "{89FE5DB7-4184-44DE-8BE9-7A2DCEBA79A9}"
EndProject
Global
	GlobalSection(SolutionConfigurationPlatforms) = preSolution
		Debug|x64 = Debug|x64
		Debug|x86 = Debug|x86
		Release|x64 = Release|x64
		Release|x86 = Release|x86
	EndGlobalSection
	GlobalSection(ProjectConfigurationPlatforms) = postSolution
		{89FE5DB7-4184-44DE-8BE9-7A2DCEBA79A9}.Debug|x64.ActiveCfg = Debug|x64
		{89FE5DB7-4184-44DE-8BE9-7A2DCEBA79A9}.Debug|x64.Build.0 = Debug|x64
		{89FE5DB7-4184-44DE-8BE9-7A2DCEBA79A9}.Debug|x86.ActiveCfg = Debug|Win32
		{89FE5DB7-4184-44DE-8BE9-7A2DCEBA79A9}.Debug|x86.Build.0 = Debug|Win32
		{89FE5DB7-4184-44DE-8BE9-7A2DCEBA79A9}.Release|x64.ActiveCfg = Release|x64
		{89FE5DB7-4184-44DE-8BE9-7A2DCEBA79A9}.Release|x64.Build.0 = Release|x64
		{89FE5DB7-4184-44DE-8BE9-7A2DCEBA79A9}.Release|x86.ActiveCfg = Release|Win32
		{89FE5DB7-4184-44DE-8BE9-7A2DCEBA79A9}.Release|x86.Build.0 = Release|Win32
	EndGlobalSection
	GlobalSection(SolutionProperties) = preSolution
		HideSolutionNode = FALSE
	EndGlobalSection
	GlobalSection(ExtensibilityGlobals) = postSolution
		SolutionGuid = {B041414D-0B77-473E-9FCE-AE6EE4AB219F}
	EndGlobalSection
EndGlobal
